
Microsoft Visual Studio Solution File, Format Version 12.00
# Visual Studio Version 16
VisualStudioVersion = 16.0.31702.278
MinimumVisualStudioVersion = 10.0.40219.1
Project("{8BC9CEB8-8B4A-11D0-8D11-00A0C91BC942}") = "lab6", "lab6.vcxproj", "{B9518B2F-49C2-467A-947D-C387900D9528}"
EndProject
Global
	GlobalSection(SolutionConfigurationPlatforms) = preSolution
		Debug|x64 = Debug|x64
		Debug|x86 = Debug|x86
		Release|x64 = Release|x64
		Release|x86 = Release|x86
	EndGlobalSection
	GlobalSection(ProjectConfigurationPlatforms) = postSolution
		{B9518B2F-49C2-467A-947D-C387900D9528}.Debug|x64.ActiveCfg = Debug|x64
		{B9518B2F-49C2-467A-947D-C387900D9528}.Debug|x64.Build.0 = Debug|x64
		{B9518B2F-49C2-467A-947D-C387900D9528}.Debug|x86.ActiveCfg = Debug|Win32
		{B9518B2F-49C2-467A-947D-C387900D9528}.Debug|x86.Build.0 = Debug|Win32
		{B9518B2F-49C2-467A-947D-C387900D9528}.Release|x64.ActiveCfg = Release|x64
		{B9518B2F-49C2-467A-947D-C387900D9528}.Release|x64.Build.0 = Release|x64
		{B9518B2F-49C2-467A-947D-C387900D9528}.Release|x86.ActiveCfg = Release|Win32
		{B9518B2F-49C2-467A-947D-C387900D9528}.Release|x86.Build.0 = Release|Win32
	EndGlobalSection
	GlobalSection(SolutionProperties) = preSolution
		HideSolutionNode = FALSE
	EndGlobalSection
	GlobalSection(ExtensibilityGlobals) = postSolution
		SolutionGuid = {8ADC1CAD-D42F-49DA-ABBF-CCEF35A07AE5}
	EndGlobalSection
EndGlobal
